
Microsoft Visual Studio Solution File, Format Version 12.00
# Visual Studio Version 17
VisualStudioVersion = 17.7.34202.233
MinimumVisualStudioVersion = 10.0.40219.1
Project("{FAE04EC0-301F-11D3-BF4B-00C04F79EFBC}") = "Adam Projekt", "Adam Projekt\Adam Projekt.csproj", "{3B5A006C-980C-4DE9-A1CE-67927C557138}"
EndProject
Global
	GlobalSection(SolutionConfigurationPlatforms) = preSolution
		Debug|Any CPU = Debug|Any CPU
		Release|Any CPU = Release|Any CPU
	EndGlobalSection
	GlobalSection(ProjectConfigurationPlatforms) = postSolution
		{3B5A006C-980C-4DE9-A1CE-67927C557138}.Debug|Any CPU.ActiveCfg = Debug|Any CPU
		{3B5A006C-980C-4DE9-A1CE-67927C557138}.Debug|Any CPU.Build.0 = Debug|Any CPU
		{3B5A006C-980C-4DE9-A1CE-67927C557138}.Release|Any CPU.ActiveCfg = Release|Any CPU
		{3B5A006C-980C-4DE9-A1CE-67927C557138}.Release|Any CPU.Build.0 = Release|Any CPU
	EndGlobalSection
	GlobalSection(SolutionProperties) = preSolution
		HideSolutionNode = FALSE
	EndGlobalSection
	GlobalSection(ExtensibilityGlobals) = postSolution
		SolutionGuid = {C4680716-41FE-4E56-88DC-E2E0AE4F0EE6}
	EndGlobalSection
EndGlobal
